
Microsoft Visual Studio Solution File, Format Version 12.00
Project("{2150E333-8FDC-42A3-9474-1A3956D46DE8}") = "Reception", "Reception", "{B98BDC38-5C4A-4BEF-9EFA-4DEFAF47BC5C}"
EndProject
Project("{2150E333-8FDC-42A3-9474-1A3956D46DE8}") = "Application", "Application", "{703CB73E-9987-4EAC-877E-07639C67DEC6}"
EndProject
Project("{FAE04EC0-301F-11D3-BF4B-00C04F79EFBC}") = "Reception.Application", "Reception.Application\Reception.Application.csproj", "{9C04D33F-2B15-4C5B-A7B1-37A3712A913F}"
EndProject
Project("{FAE04EC0-301F-11D3-BF4B-00C04F79EFBC}") = "Reception.Application.Contracts", "Reception.Application.Contracts\Reception.Application.Contracts.csproj", "{B9B82ED0-1EE6-45D6-9E5C-9DC324B6E96E}"
EndProject
Project("{FAE04EC0-301F-11D3-BF4B-00C04F79EFBC}") = "Reception.Application.Models", "Reception.Application.Models\Reception.Application.Models.csproj", "{56C5BFBA-B41D-4496-82A2-82619A478F29}"
EndProject
Project("{FAE04EC0-301F-11D3-BF4B-00C04F79EFBC}") = "Reception.Application.Abstraction", "Reception.Application.Abstraction\Reception.Application.Abstraction.csproj", "{B25A1732-E71B-478B-AAFB-596DD6E16553}"
EndProject
Project("{2150E333-8FDC-42A3-9474-1A3956D46DE8}") = "Infractructure", "Infractructure", "{6099A8C8-D9C7-422C-91D5-D36FB8C43C80}"
EndProject
Project("{FAE04EC0-301F-11D3-BF4B-00C04F79EFBC}") = "Reception.Infrastructure", "Reception.Infrastructure\Reception.Infrastructure.csproj", "{24E7BABF-AF43-42DB-A3B7-77186C4DA3C5}"
EndProject
Project("{FAE04EC0-301F-11D3-BF4B-00C04F79EFBC}") = "Reception", "Reception\Reception.csproj", "{E9C06722-7AFE-4F5A-800B-1237FD3F2CD4}"
EndProject
Project("{2150E333-8FDC-42A3-9474-1A3956D46DE8}") = "Presentation", "Presentation", "{51496FA5-3E96-44E6-BA97-BA68F4E8914F}"
EndProject
Project("{FAE04EC0-301F-11D3-BF4B-00C04F79EFBC}") = "Reception.Presentation.Http", "Reception.Presentation.Http\Reception.Presentation.Http.csproj", "{E57318B1-532E-4733-92D2-3271AB7C9617}"
EndProject
Project("{2150E333-8FDC-42A3-9474-1A3956D46DE8}") = "HIS", "HIS", "{B873D6A3-82CB-4ABF-8DA5-9E79FAE5735C}"
EndProject
Project("{2150E333-8FDC-42A3-9474-1A3956D46DE8}") = "HIS.Application", "HIS.Application", "{EFA98337-FF32-4DBD-BEC5-A5645F7C790C}"
EndProject
Project("{2150E333-8FDC-42A3-9474-1A3956D46DE8}") = "HIS.Infrastructure", "HIS.Infrastructure", "{801B50B6-A7D7-4341-908A-DA4287C57BE2}"
EndProject
Project("{2150E333-8FDC-42A3-9474-1A3956D46DE8}") = "HIS.Presentation", "HIS.Presentation", "{D076E1E0-91FC-47EE-A5D7-39EC3CB46119}"
EndProject
Project("{FAE04EC0-301F-11D3-BF4B-00C04F79EFBC}") = "HIS.Application", "HIS.Application\HIS.Application.csproj", "{BF89EB3B-F7E5-45A5-8C24-4330188D932F}"
EndProject
Project("{FAE04EC0-301F-11D3-BF4B-00C04F79EFBC}") = "HIS.Application.Models", "HIS.Application.Models\HIS.Application.Models.csproj", "{BD04C748-88D8-4C49-A5F5-AA3C053FB05B}"
EndProject
Project("{FAE04EC0-301F-11D3-BF4B-00C04F79EFBC}") = "HIS.Application.Contracts", "HIS.Application.Contracts\HIS.Application.Contracts.csproj", "{5DBE5CBA-0751-4F4E-A357-A25DC1F91B43}"
EndProject
Project("{FAE04EC0-301F-11D3-BF4B-00C04F79EFBC}") = "HIS.Application.Abstractions", "HIS.Application.Abstractions\HIS.Application.Abstractions.csproj", "{EF3D5969-E0D1-436B-A880-747D2EE8A5DD}"
EndProject
Project("{FAE04EC0-301F-11D3-BF4B-00C04F79EFBC}") = "HIS.infrastructure", "HIS.infrastructure\HIS.infrastructure.csproj", "{E3C8A892-4076-4464-A8FD-029E89650C46}"
EndProject
Project("{FAE04EC0-301F-11D3-BF4B-00C04F79EFBC}") = "HIS.Presentation.HTTP", "HIS.Presentation.HTTP\HIS.Presentation.HTTP.csproj", "{D4334EA4-8D4A-4DFD-B21F-CF72C3AF2238}"
EndProject
Project("{FAE04EC0-301F-11D3-BF4B-00C04F79EFBC}") = "HIS", "HIS\HIS.csproj", "{65E35195-2FA1-42D9-8765-21C64FCB7F4A}"
EndProject
Global
	GlobalSection(SolutionConfigurationPlatforms) = preSolution
		Debug|Any CPU = Debug|Any CPU
		Release|Any CPU = Release|Any CPU
	EndGlobalSection
	GlobalSection(NestedProjects) = preSolution
		{703CB73E-9987-4EAC-877E-07639C67DEC6} = {B98BDC38-5C4A-4BEF-9EFA-4DEFAF47BC5C}
		{9C04D33F-2B15-4C5B-A7B1-37A3712A913F} = {703CB73E-9987-4EAC-877E-07639C67DEC6}
		{B9B82ED0-1EE6-45D6-9E5C-9DC324B6E96E} = {703CB73E-9987-4EAC-877E-07639C67DEC6}
		{56C5BFBA-B41D-4496-82A2-82619A478F29} = {703CB73E-9987-4EAC-877E-07639C67DEC6}
		{B25A1732-E71B-478B-AAFB-596DD6E16553} = {703CB73E-9987-4EAC-877E-07639C67DEC6}
		{6099A8C8-D9C7-422C-91D5-D36FB8C43C80} = {B98BDC38-5C4A-4BEF-9EFA-4DEFAF47BC5C}
		{24E7BABF-AF43-42DB-A3B7-77186C4DA3C5} = {6099A8C8-D9C7-422C-91D5-D36FB8C43C80}
		{E9C06722-7AFE-4F5A-800B-1237FD3F2CD4} = {B98BDC38-5C4A-4BEF-9EFA-4DEFAF47BC5C}
		{51496FA5-3E96-44E6-BA97-BA68F4E8914F} = {B98BDC38-5C4A-4BEF-9EFA-4DEFAF47BC5C}
		{E57318B1-532E-4733-92D2-3271AB7C9617} = {51496FA5-3E96-44E6-BA97-BA68F4E8914F}
		{EFA98337-FF32-4DBD-BEC5-A5645F7C790C} = {B873D6A3-82CB-4ABF-8DA5-9E79FAE5735C}
		{801B50B6-A7D7-4341-908A-DA4287C57BE2} = {B873D6A3-82CB-4ABF-8DA5-9E79FAE5735C}
		{D076E1E0-91FC-47EE-A5D7-39EC3CB46119} = {B873D6A3-82CB-4ABF-8DA5-9E79FAE5735C}
		{BF89EB3B-F7E5-45A5-8C24-4330188D932F} = {EFA98337-FF32-4DBD-BEC5-A5645F7C790C}
		{BD04C748-88D8-4C49-A5F5-AA3C053FB05B} = {EFA98337-FF32-4DBD-BEC5-A5645F7C790C}
		{5DBE5CBA-0751-4F4E-A357-A25DC1F91B43} = {EFA98337-FF32-4DBD-BEC5-A5645F7C790C}
		{EF3D5969-E0D1-436B-A880-747D2EE8A5DD} = {EFA98337-FF32-4DBD-BEC5-A5645F7C790C}
		{E3C8A892-4076-4464-A8FD-029E89650C46} = {801B50B6-A7D7-4341-908A-DA4287C57BE2}
		{D4334EA4-8D4A-4DFD-B21F-CF72C3AF2238} = {D076E1E0-91FC-47EE-A5D7-39EC3CB46119}
		{65E35195-2FA1-42D9-8765-21C64FCB7F4A} = {B873D6A3-82CB-4ABF-8DA5-9E79FAE5735C}
	EndGlobalSection
	GlobalSection(ProjectConfigurationPlatforms) = postSolution
		{9C04D33F-2B15-4C5B-A7B1-37A3712A913F}.Debug|Any CPU.ActiveCfg = Debug|Any CPU
		{9C04D33F-2B15-4C5B-A7B1-37A3712A913F}.Debug|Any CPU.Build.0 = Debug|Any CPU
		{9C04D33F-2B15-4C5B-A7B1-37A3712A913F}.Release|Any CPU.ActiveCfg = Release|Any CPU
		{9C04D33F-2B15-4C5B-A7B1-37A3712A913F}.Release|Any CPU.Build.0 = Release|Any CPU
		{B9B82ED0-1EE6-45D6-9E5C-9DC324B6E96E}.Debug|Any CPU.ActiveCfg = Debug|Any CPU
		{B9B82ED0-1EE6-45D6-9E5C-9DC324B6E96E}.Debug|Any CPU.Build.0 = Debug|Any CPU
		{B9B82ED0-1EE6-45D6-9E5C-9DC324B6E96E}.Release|Any CPU.ActiveCfg = Release|Any CPU
		{B9B82ED0-1EE6-45D6-9E5C-9DC324B6E96E}.Release|Any CPU.Build.0 = Release|Any CPU
		{56C5BFBA-B41D-4496-82A2-82619A478F29}.Debug|Any CPU.ActiveCfg = Debug|Any CPU
		{56C5BFBA-B41D-4496-82A2-82619A478F29}.Debug|Any CPU.Build.0 = Debug|Any CPU
		{56C5BFBA-B41D-4496-82A2-82619A478F29}.Release|Any CPU.ActiveCfg = Release|Any CPU
		{56C5BFBA-B41D-4496-82A2-82619A478F29}.Release|Any CPU.Build.0 = Release|Any CPU
		{B25A1732-E71B-478B-AAFB-596DD6E16553}.Debug|Any CPU.ActiveCfg = Debug|Any CPU
		{B25A1732-E71B-478B-AAFB-596DD6E16553}.Debug|Any CPU.Build.0 = Debug|Any CPU
		{B25A1732-E71B-478B-AAFB-596DD6E16553}.Release|Any CPU.ActiveCfg = Release|Any CPU
		{B25A1732-E71B-478B-AAFB-596DD6E16553}.Release|Any CPU.Build.0 = Release|Any CPU
		{24E7BABF-AF43-42DB-A3B7-77186C4DA3C5}.Debug|Any CPU.ActiveCfg = Debug|Any CPU
		{24E7BABF-AF43-42DB-A3B7-77186C4DA3C5}.Debug|Any CPU.Build.0 = Debug|Any CPU
		{24E7BABF-AF43-42DB-A3B7-77186C4DA3C5}.Release|Any CPU.ActiveCfg = Release|Any CPU
		{24E7BABF-AF43-42DB-A3B7-77186C4DA3C5}.Release|Any CPU.Build.0 = Release|Any CPU
		{E9C06722-7AFE-4F5A-800B-1237FD3F2CD4}.Debug|Any CPU.ActiveCfg = Debug|Any CPU
		{E9C06722-7AFE-4F5A-800B-1237FD3F2CD4}.Debug|Any CPU.Build.0 = Debug|Any CPU
		{E9C06722-7AFE-4F5A-800B-1237FD3F2CD4}.Release|Any CPU.ActiveCfg = Release|Any CPU
		{E9C06722-7AFE-4F5A-800B-1237FD3F2CD4}.Release|Any CPU.Build.0 = Release|Any CPU
		{E57318B1-532E-4733-92D2-3271AB7C9617}.Debug|Any CPU.ActiveCfg = Debug|Any CPU
		{E57318B1-532E-4733-92D2-3271AB7C9617}.Debug|Any CPU.Build.0 = Debug|Any CPU
		{E57318B1-532E-4733-92D2-3271AB7C9617}.Release|Any CPU.ActiveCfg = Release|Any CPU
		{E57318B1-532E-4733-92D2-3271AB7C9617}.Release|Any CPU.Build.0 = Release|Any CPU
		{BF89EB3B-F7E5-45A5-8C24-4330188D932F}.Debug|Any CPU.ActiveCfg = Debug|Any CPU
		{BF89EB3B-F7E5-45A5-8C24-4330188D932F}.Debug|Any CPU.Build.0 = Debug|Any CPU
		{BF89EB3B-F7E5-45A5-8C24-4330188D932F}.Release|Any CPU.ActiveCfg = Release|Any CPU
		{BF89EB3B-F7E5-45A5-8C24-4330188D932F}.Release|Any CPU.Build.0 = Release|Any CPU
		{BD04C748-88D8-4C49-A5F5-AA3C053FB05B}.Debug|Any CPU.ActiveCfg = Debug|Any CPU
		{BD04C748-88D8-4C49-A5F5-AA3C053FB05B}.Debug|Any CPU.Build.0 = Debug|Any CPU
		{BD04C748-88D8-4C49-A5F5-AA3C053FB05B}.Release|Any CPU.ActiveCfg = Release|Any CPU
		{BD04C748-88D8-4C49-A5F5-AA3C053FB05B}.Release|Any CPU.Build.0 = Release|Any CPU
		{5DBE5CBA-0751-4F4E-A357-A25DC1F91B43}.Debug|Any CPU.ActiveCfg = Debug|Any CPU
		{5DBE5CBA-0751-4F4E-A357-A25DC1F91B43}.Debug|Any CPU.Build.0 = Debug|Any CPU
		{5DBE5CBA-0751-4F4E-A357-A25DC1F91B43}.Release|Any CPU.ActiveCfg = Release|Any CPU
		{5DBE5CBA-0751-4F4E-A357-A25DC1F91B43}.Release|Any CPU.Build.0 = Release|Any CPU
		{EF3D5969-E0D1-436B-A880-747D2EE8A5DD}.Debug|Any CPU.ActiveCfg = Debug|Any CPU
		{EF3D5969-E0D1-436B-A880-747D2EE8A5DD}.Debug|Any CPU.Build.0 = Debug|Any CPU
		{EF3D5969-E0D1-436B-A880-747D2EE8A5DD}.Release|Any CPU.ActiveCfg = Release|Any CPU
		{EF3D5969-E0D1-436B-A880-747D2EE8A5DD}.Release|Any CPU.Build.0 = Release|Any CPU
		{E3C8A892-4076-4464-A8FD-029E89650C46}.Debug|Any CPU.ActiveCfg = Debug|Any CPU
		{E3C8A892-4076-4464-A8FD-029E89650C46}.Debug|Any CPU.Build.0 = Debug|Any CPU
		{E3C8A892-4076-4464-A8FD-029E89650C46}.Release|Any CPU.ActiveCfg = Release|Any CPU
		{E3C8A892-4076-4464-A8FD-029E89650C46}.Release|Any CPU.Build.0 = Release|Any CPU
		{D4334EA4-8D4A-4DFD-B21F-CF72C3AF2238}.Debug|Any CPU.ActiveCfg = Debug|Any CPU
		{D4334EA4-8D4A-4DFD-B21F-CF72C3AF2238}.Debug|Any CPU.Build.0 = Debug|Any CPU
		{D4334EA4-8D4A-4DFD-B21F-CF72C3AF2238}.Release|Any CPU.ActiveCfg = Release|Any CPU
		{D4334EA4-8D4A-4DFD-B21F-CF72C3AF2238}.Release|Any CPU.Build.0 = Release|Any CPU
		{65E35195-2FA1-42D9-8765-21C64FCB7F4A}.Debug|Any CPU.ActiveCfg = Debug|Any CPU
		{65E35195-2FA1-42D9-8765-21C64FCB7F4A}.Debug|Any CPU.Build.0 = Debug|Any CPU
		{65E35195-2FA1-42D9-8765-21C64FCB7F4A}.Release|Any CPU.ActiveCfg = Release|Any CPU
		{65E35195-2FA1-42D9-8765-21C64FCB7F4A}.Release|Any CPU.Build.0 = Release|Any CPU
	EndGlobalSection
EndGlobal
